
Microsoft Visual Studio Solution File, Format Version 12.00
# Visual Studio Version 16
VisualStudioVersion = 16.0.30907.101
MinimumVisualStudioVersion = 10.0.40219.1
Project("{9A19103F-16F7-4668-BE54-9A1E7A4F7556}") = "WebApplication3", "WebApplication3\WebApplication3.csproj", "{5D2541AC-CE33-439C-BDC1-73CF5CCA9CDD}"
EndProject
Project("{9A19103F-16F7-4668-BE54-9A1E7A4F7556}") = "Module.One", "Module.One\Module.One.csproj", "{161DC897-1C0A-485B-8596-A5F20952EFFF}"
EndProject
Project("{9A19103F-16F7-4668-BE54-9A1E7A4F7556}") = "Module.mvc", "Module.mvc\Module.mvc.csproj", "{3CE86017-3080-40F9-85D2-6D686E990E4A}"
EndProject
Project("{9A19103F-16F7-4668-BE54-9A1E7A4F7556}") = "Infrastructure", "..\Infrastructure\Infrastructure.csproj", "{1FC7B338-3070-42AD-BC8E-1890FD988F6A}"
EndProject
Project("{FAE04EC0-301F-11D3-BF4B-00C04F79EFBC}") = "WebApplication1", "WebApplication1\WebApplication1.csproj", "{B51B1237-A459-4A94-9029-553D860C9F19}"
EndProject
Global
	GlobalSection(SolutionConfigurationPlatforms) = preSolution
		Debug|Any CPU = Debug|Any CPU
		Release|Any CPU = Release|Any CPU
	EndGlobalSection
	GlobalSection(ProjectConfigurationPlatforms) = postSolution
		{5D2541AC-CE33-439C-BDC1-73CF5CCA9CDD}.Debug|Any CPU.ActiveCfg = Debug|Any CPU
		{5D2541AC-CE33-439C-BDC1-73CF5CCA9CDD}.Debug|Any CPU.Build.0 = Debug|Any CPU
		{5D2541AC-CE33-439C-BDC1-73CF5CCA9CDD}.Release|Any CPU.ActiveCfg = Release|Any CPU
		{5D2541AC-CE33-439C-BDC1-73CF5CCA9CDD}.Release|Any CPU.Build.0 = Release|Any CPU
		{161DC897-1C0A-485B-8596-A5F20952EFFF}.Debug|Any CPU.ActiveCfg = Debug|Any CPU
		{161DC897-1C0A-485B-8596-A5F20952EFFF}.Debug|Any CPU.Build.0 = Debug|Any CPU
		{161DC897-1C0A-485B-8596-A5F20952EFFF}.Release|Any CPU.ActiveCfg = Release|Any CPU
		{161DC897-1C0A-485B-8596-A5F20952EFFF}.Release|Any CPU.Build.0 = Release|Any CPU
		{3CE86017-3080-40F9-85D2-6D686E990E4A}.Debug|Any CPU.ActiveCfg = Debug|Any CPU
		{3CE86017-3080-40F9-85D2-6D686E990E4A}.Debug|Any CPU.Build.0 = Debug|Any CPU
		{3CE86017-3080-40F9-85D2-6D686E990E4A}.Release|Any CPU.ActiveCfg = Release|Any CPU
		{3CE86017-3080-40F9-85D2-6D686E990E4A}.Release|Any CPU.Build.0 = Release|Any CPU
		{1FC7B338-3070-42AD-BC8E-1890FD988F6A}.Debug|Any CPU.ActiveCfg = Debug|Any CPU
		{1FC7B338-3070-42AD-BC8E-1890FD988F6A}.Debug|Any CPU.Build.0 = Debug|Any CPU
		{1FC7B338-3070-42AD-BC8E-1890FD988F6A}.Release|Any CPU.ActiveCfg = Release|Any CPU
		{1FC7B338-3070-42AD-BC8E-1890FD988F6A}.Release|Any CPU.Build.0 = Release|Any CPU
		{B51B1237-A459-4A94-9029-553D860C9F19}.Debug|Any CPU.ActiveCfg = Debug|Any CPU
		{B51B1237-A459-4A94-9029-553D860C9F19}.Debug|Any CPU.Build.0 = Debug|Any CPU
		{B51B1237-A459-4A94-9029-553D860C9F19}.Release|Any CPU.ActiveCfg = Release|Any CPU
		{B51B1237-A459-4A94-9029-553D860C9F19}.Release|Any CPU.Build.0 = Release|Any CPU
	EndGlobalSection
	GlobalSection(SolutionProperties) = preSolution
		HideSolutionNode = FALSE
	EndGlobalSection
	GlobalSection(ExtensibilityGlobals) = postSolution
		SolutionGuid = {06BDFF0D-AA23-4603-8DC7-DE24A12439BB}
	EndGlobalSection
EndGlobal
